
Microsoft Visual Studio Solution File, Format Version 12.00
# Visual Studio Version 16
VisualStudioVersion = 16.0.33529.622
MinimumVisualStudioVersion = 10.0.40219.1
Project("{FAE04EC0-301F-11D3-BF4B-00C04F79EFBC}") = "librarian", "librarian\librarian.csproj", "{B52C0366-6744-448B-870C-3FC8EE18001D}"
EndProject
Global
	GlobalSection(SolutionConfigurationPlatforms) = preSolution
		Debug|Any CPU = Debug|Any CPU
		Release|Any CPU = Release|Any CPU
	EndGlobalSection
	GlobalSection(ProjectConfigurationPlatforms) = postSolution
		{B52C0366-6744-448B-870C-3FC8EE18001D}.Debug|Any CPU.ActiveCfg = Debug|Any CPU
		{B52C0366-6744-448B-870C-3FC8EE18001D}.Debug|Any CPU.Build.0 = Debug|Any CPU
		{B52C0366-6744-448B-870C-3FC8EE18001D}.Release|Any CPU.ActiveCfg = Release|Any CPU
		{B52C0366-6744-448B-870C-3FC8EE18001D}.Release|Any CPU.Build.0 = Release|Any CPU
	EndGlobalSection
	GlobalSection(SolutionProperties) = preSolution
		HideSolutionNode = FALSE
	EndGlobalSection
	GlobalSection(ExtensibilityGlobals) = postSolution
		SolutionGuid = {50D6C467-7393-4719-9884-131ABCF0B13F}
	EndGlobalSection
EndGlobal
